
Microsoft Visual Studio Solution File, Format Version 12.00
# Visual Studio 14
VisualStudioVersion = 14.0.24720.0
MinimumVisualStudioVersion = 10.0.40219.1
Project("{2150E333-8FDC-42A3-9474-1A3956D46DE8}") = "src", "src", "{93D0D85D-6E54-45EB-8111-9B5D4331DED0}"
EndProject
Project("{2150E333-8FDC-42A3-9474-1A3956D46DE8}") = "Solution Items", "Solution Items", "{BFB0DF7A-41E0-4956-BC91-F8E861C04D14}"
	ProjectSection(SolutionItems) = preProject
		global.json = global.json
	EndProjectSection
EndProject
Project("{8BB2217D-0F2D-49D1-97BC-3654ED321F3B}") = "Task.Web.Api", "src\Task.Web.Api\Task.Web.Api.xproj", "{B6EC8778-E261-490C-BA01-BB8DF0DA4CD4}"
EndProject
Project("{2150E333-8FDC-42A3-9474-1A3956D46DE8}") = "test", "test", "{4243EF48-58CD-49BC-9C80-FDBA67D454CC}"
EndProject
Project("{8BB2217D-0F2D-49D1-97BC-3654ED321F3B}") = "Task.Web.Api.Tests", "test\Task.Web.Api.Tests\Task.Web.Api.Tests.xproj", "{38C57EB1-935A-41D0-BFAD-DB6BB3B38334}"
EndProject
Project("{8BB2217D-0F2D-49D1-97BC-3654ED321F3B}") = "Task.Data.Contracts", "src\Task.Data.Contracts\Task.Data.Contracts.xproj", "{99246793-BE24-4DF3-B030-C4BBBAD49AB8}"
EndProject
Project("{8BB2217D-0F2D-49D1-97BC-3654ED321F3B}") = "Task.Data", "src\Task.Data\Task.Data.xproj", "{79A32582-0212-4D5C-9776-7AE643101EF8}"
EndProject
Project("{8BB2217D-0F2D-49D1-97BC-3654ED321F3B}") = "Task.Business.Entities", "src\Task.Business.Entities\Task.Business.Entities.xproj", "{ADA414FE-F5D6-4D72-89B2-E3B4D0BE541B}"
EndProject
Project("{8BB2217D-0F2D-49D1-97BC-3654ED321F3B}") = "Task.Client.Entities", "src\Task.Client.Entities\Task.Client.Entities.xproj", "{855535AE-009B-4A10-AC96-3898A9818509}"
EndProject
Project("{8BB2217D-0F2D-49D1-97BC-3654ED321F3B}") = "Task.Data.Tests", "test\Task.Data.Tests\Task.Data.Tests.xproj", "{700B93A0-2ACC-46BF-BB22-EF4AA3C37F86}"
EndProject
Project("{00D1A9C2-B5F0-4AF3-8072-F6C62B433612}") = "Task.SqlServer", "Task.SqlServer\Task.SqlServer.sqlproj", "{6E3FA87C-F4E9-48FC-AD02-433688BA205C}"
EndProject
Global
	GlobalSection(SolutionConfigurationPlatforms) = preSolution
		Debug|Any CPU = Debug|Any CPU
		Release|Any CPU = Release|Any CPU
	EndGlobalSection
	GlobalSection(ProjectConfigurationPlatforms) = postSolution
		{B6EC8778-E261-490C-BA01-BB8DF0DA4CD4}.Debug|Any CPU.ActiveCfg = Debug|Any CPU
		{B6EC8778-E261-490C-BA01-BB8DF0DA4CD4}.Debug|Any CPU.Build.0 = Debug|Any CPU
		{B6EC8778-E261-490C-BA01-BB8DF0DA4CD4}.Release|Any CPU.ActiveCfg = Release|Any CPU
		{B6EC8778-E261-490C-BA01-BB8DF0DA4CD4}.Release|Any CPU.Build.0 = Release|Any CPU
		{38C57EB1-935A-41D0-BFAD-DB6BB3B38334}.Debug|Any CPU.ActiveCfg = Debug|Any CPU
		{38C57EB1-935A-41D0-BFAD-DB6BB3B38334}.Debug|Any CPU.Build.0 = Debug|Any CPU
		{38C57EB1-935A-41D0-BFAD-DB6BB3B38334}.Release|Any CPU.ActiveCfg = Release|Any CPU
		{38C57EB1-935A-41D0-BFAD-DB6BB3B38334}.Release|Any CPU.Build.0 = Release|Any CPU
		{99246793-BE24-4DF3-B030-C4BBBAD49AB8}.Debug|Any CPU.ActiveCfg = Debug|Any CPU
		{99246793-BE24-4DF3-B030-C4BBBAD49AB8}.Debug|Any CPU.Build.0 = Debug|Any CPU
		{99246793-BE24-4DF3-B030-C4BBBAD49AB8}.Release|Any CPU.ActiveCfg = Release|Any CPU
		{99246793-BE24-4DF3-B030-C4BBBAD49AB8}.Release|Any CPU.Build.0 = Release|Any CPU
		{79A32582-0212-4D5C-9776-7AE643101EF8}.Debug|Any CPU.ActiveCfg = Debug|Any CPU
		{79A32582-0212-4D5C-9776-7AE643101EF8}.Debug|Any CPU.Build.0 = Debug|Any CPU
		{79A32582-0212-4D5C-9776-7AE643101EF8}.Release|Any CPU.ActiveCfg = Release|Any CPU
		{79A32582-0212-4D5C-9776-7AE643101EF8}.Release|Any CPU.Build.0 = Release|Any CPU
		{ADA414FE-F5D6-4D72-89B2-E3B4D0BE541B}.Debug|Any CPU.ActiveCfg = Debug|Any CPU
		{ADA414FE-F5D6-4D72-89B2-E3B4D0BE541B}.Debug|Any CPU.Build.0 = Debug|Any CPU
		{ADA414FE-F5D6-4D72-89B2-E3B4D0BE541B}.Release|Any CPU.ActiveCfg = Release|Any CPU
		{ADA414FE-F5D6-4D72-89B2-E3B4D0BE541B}.Release|Any CPU.Build.0 = Release|Any CPU
		{855535AE-009B-4A10-AC96-3898A9818509}.Debug|Any CPU.ActiveCfg = Debug|Any CPU
		{855535AE-009B-4A10-AC96-3898A9818509}.Debug|Any CPU.Build.0 = Debug|Any CPU
		{855535AE-009B-4A10-AC96-3898A9818509}.Release|Any CPU.ActiveCfg = Release|Any CPU
		{855535AE-009B-4A10-AC96-3898A9818509}.Release|Any CPU.Build.0 = Release|Any CPU
		{700B93A0-2ACC-46BF-BB22-EF4AA3C37F86}.Debug|Any CPU.ActiveCfg = Debug|Any CPU
		{700B93A0-2ACC-46BF-BB22-EF4AA3C37F86}.Debug|Any CPU.Build.0 = Debug|Any CPU
		{700B93A0-2ACC-46BF-BB22-EF4AA3C37F86}.Release|Any CPU.ActiveCfg = Release|Any CPU
		{700B93A0-2ACC-46BF-BB22-EF4AA3C37F86}.Release|Any CPU.Build.0 = Release|Any CPU
		{6E3FA87C-F4E9-48FC-AD02-433688BA205C}.Debug|Any CPU.ActiveCfg = Debug|Any CPU
		{6E3FA87C-F4E9-48FC-AD02-433688BA205C}.Debug|Any CPU.Build.0 = Debug|Any CPU
		{6E3FA87C-F4E9-48FC-AD02-433688BA205C}.Debug|Any CPU.Deploy.0 = Debug|Any CPU
		{6E3FA87C-F4E9-48FC-AD02-433688BA205C}.Release|Any CPU.ActiveCfg = Release|Any CPU
		{6E3FA87C-F4E9-48FC-AD02-433688BA205C}.Release|Any CPU.Build.0 = Release|Any CPU
		{6E3FA87C-F4E9-48FC-AD02-433688BA205C}.Release|Any CPU.Deploy.0 = Release|Any CPU
	EndGlobalSection
	GlobalSection(SolutionProperties) = preSolution
		HideSolutionNode = FALSE
	EndGlobalSection
	GlobalSection(NestedProjects) = preSolution
		{B6EC8778-E261-490C-BA01-BB8DF0DA4CD4} = {93D0D85D-6E54-45EB-8111-9B5D4331DED0}
		{38C57EB1-935A-41D0-BFAD-DB6BB3B38334} = {4243EF48-58CD-49BC-9C80-FDBA67D454CC}
		{99246793-BE24-4DF3-B030-C4BBBAD49AB8} = {93D0D85D-6E54-45EB-8111-9B5D4331DED0}
		{79A32582-0212-4D5C-9776-7AE643101EF8} = {93D0D85D-6E54-45EB-8111-9B5D4331DED0}
		{ADA414FE-F5D6-4D72-89B2-E3B4D0BE541B} = {93D0D85D-6E54-45EB-8111-9B5D4331DED0}
		{855535AE-009B-4A10-AC96-3898A9818509} = {93D0D85D-6E54-45EB-8111-9B5D4331DED0}
		{700B93A0-2ACC-46BF-BB22-EF4AA3C37F86} = {4243EF48-58CD-49BC-9C80-FDBA67D454CC}
		{6E3FA87C-F4E9-48FC-AD02-433688BA205C} = {93D0D85D-6E54-45EB-8111-9B5D4331DED0}
	EndGlobalSection
EndGlobal
